// !$*UTF8*$!
{
	archiveVersion = 1;
	classes = {
	};
	objectVersion = 55;
	objects = {

/* Begin PBXBuildFile section */
		6322FA6E28B3163C00106E41 /* Realm in Frameworks */ = {isa = PBXBuildFile; productRef = 6322FA6D28B3163C00106E41 /* Realm */; };
		6322FA7028B3163C00106E41 /* RealmSwift in Frameworks */ = {isa = PBXBuildFile; productRef = 6322FA6F28B3163C00106E41 /* RealmSwift */; };
		6322FA7328B319E200106E41 /* RealmModel.swift in Sources */ = {isa = PBXBuildFile; fileRef = 6322FA7228B319E200106E41 /* RealmModel.swift */; };
		6322FA7628B32A9F00106E41 /* HomeViewController.swift in Sources */ = {isa = PBXBuildFile; fileRef = 6322FA7528B32A9F00106E41 /* HomeViewController.swift */; };
		6398D9AE28AF8B2B0090741F /* AppDelegate.swift in Sources */ = {isa = PBXBuildFile; fileRef = 6398D9AD28AF8B2B0090741F /* AppDelegate.swift */; };
		6398D9B028AF8B2B0090741F /* SceneDelegate.swift in Sources */ = {isa = PBXBuildFile; fileRef = 6398D9AF28AF8B2B0090741F /* SceneDelegate.swift */; };
		6398D9B228AF8B2B0090741F /* ViewController.swift in Sources */ = {isa = PBXBuildFile; fileRef = 6398D9B128AF8B2B0090741F /* ViewController.swift */; };
		6398D9B528AF8B2B0090741F /* Main.storyboard in Resources */ = {isa = PBXBuildFile; fileRef = 6398D9B328AF8B2B0090741F /* Main.storyboard */; };
		6398D9B728AF8B2D0090741F /* Assets.xcassets in Resources */ = {isa = PBXBuildFile; fileRef = 6398D9B628AF8B2D0090741F /* Assets.xcassets */; };
		6398D9BA28AF8B2D0090741F /* LaunchScreen.storyboard in Resources */ = {isa = PBXBuildFile; fileRef = 6398D9B828AF8B2D0090741F /* LaunchScreen.storyboard */; };
		6398DA1228AFD5450090741F /* BaseViewController.swift in Sources */ = {isa = PBXBuildFile; fileRef = 6398DA1128AFD5450090741F /* BaseViewController.swift */; };
		6398DA1428AFD54B0090741F /* BaseView.swift in Sources */ = {isa = PBXBuildFile; fileRef = 6398DA1328AFD54B0090741F /* BaseView.swift */; };
		6398DA1728AFD5650090741F /* SnapKit in Frameworks */ = {isa = PBXBuildFile; productRef = 6398DA1628AFD5650090741F /* SnapKit */; };
		6398DA1A28AFD5710090741F /* Alamofire in Frameworks */ = {isa = PBXBuildFile; productRef = 6398DA1928AFD5710090741F /* Alamofire */; };
		6398DA2028AFD5850090741F /* Kingfisher in Frameworks */ = {isa = PBXBuildFile; productRef = 6398DA1F28AFD5850090741F /* Kingfisher */; };
		6398DA2328AFD62D0090741F /* MainViewController.swift in Sources */ = {isa = PBXBuildFile; fileRef = 6398DA2228AFD62D0090741F /* MainViewController.swift */; };
		6398DA2528AFD6330090741F /* MainView.swift in Sources */ = {isa = PBXBuildFile; fileRef = 6398DA2428AFD6330090741F /* MainView.swift */; };
		6398DA2828AFD6480090741F /* SelectViewController.swift in Sources */ = {isa = PBXBuildFile; fileRef = 6398DA2728AFD6480090741F /* SelectViewController.swift */; };
		6398DA2A28AFD64F0090741F /* SelectView.swift in Sources */ = {isa = PBXBuildFile; fileRef = 6398DA2928AFD64F0090741F /* SelectView.swift */; };
		6398DA2D28AFD8010090741F /* diaryTextField.swift in Sources */ = {isa = PBXBuildFile; fileRef = 6398DA2C28AFD8010090741F /* diaryTextField.swift */; };
		6398DA2F28AFDE570090741F /* .gitignore in Resources */ = {isa = PBXBuildFile; fileRef = 6398DA2E28AFDE570090741F /* .gitignore */; };
		6398DA3228AFDE870090741F /* APIKey.swift in Sources */ = {isa = PBXBuildFile; fileRef = 6398DA3128AFDE870090741F /* APIKey.swift */; };
		6398DA3428AFDEB50090741F /* APIManager.swift in Sources */ = {isa = PBXBuildFile; fileRef = 6398DA3328AFDEB50090741F /* APIManager.swift */; };
		6398DA3628AFEEA70090741F /* SelectCollectionViewCell.swift in Sources */ = {isa = PBXBuildFile; fileRef = 6398DA3528AFEEA70090741F /* SelectCollectionViewCell.swift */; };
		6398DA3928AFEF250090741F /* ReusableProtocol.swift in Sources */ = {isa = PBXBuildFile; fileRef = 6398DA3828AFEF250090741F /* ReusableProtocol.swift */; };
		6398DA3B28AFF1F60090741F /* BaseCollectionViewCell.swift in Sources */ = {isa = PBXBuildFile; fileRef = 6398DA3A28AFF1F60090741F /* BaseCollectionViewCell.swift */; };
		63E6031628B4DE8A001E73F5 /* JGProgressHUD in Frameworks */ = {isa = PBXBuildFile; productRef = 63E6031528B4DE8A001E73F5 /* JGProgressHUD */; };
		63E6031928B4DE95001E73F5 /* SwiftyJSON in Frameworks */ = {isa = PBXBuildFile; productRef = 63E6031828B4DE95001E73F5 /* SwiftyJSON */; };
		63E6031B28B4E244001E73F5 /* Version.swift in Sources */ = {isa = PBXBuildFile; fileRef = 63E6031A28B4E243001E73F5 /* Version.swift */; };
/* End PBXBuildFile section */

/* Begin PBXFileReference section */
		6322FA7228B319E200106E41 /* RealmModel.swift */ = {isa = PBXFileReference; lastKnownFileType = sourcecode.swift; path = RealmModel.swift; sourceTree = "<group>"; };
		6322FA7528B32A9F00106E41 /* HomeViewController.swift */ = {isa = PBXFileReference; lastKnownFileType = sourcecode.swift; path = HomeViewController.swift; sourceTree = "<group>"; };
		6398D9AA28AF8B2B0090741F /* Diary.app */ = {isa = PBXFileReference; explicitFileType = wrapper.application; includeInIndex = 0; path = Diary.app; sourceTree = BUILT_PRODUCTS_DIR; };
		6398D9AD28AF8B2B0090741F /* AppDelegate.swift */ = {isa = PBXFileReference; lastKnownFileType = sourcecode.swift; path = AppDelegate.swift; sourceTree = "<group>"; };
		6398D9AF28AF8B2B0090741F /* SceneDelegate.swift */ = {isa = PBXFileReference; lastKnownFileType = sourcecode.swift; path = SceneDelegate.swift; sourceTree = "<group>"; };
		6398D9B128AF8B2B0090741F /* ViewController.swift */ = {isa = PBXFileReference; lastKnownFileType = sourcecode.swift; path = ViewController.swift; sourceTree = "<group>"; };
		6398D9B428AF8B2B0090741F /* Base */ = {isa = PBXFileReference; lastKnownFileType = file.storyboard; name = Base; path = Base.lproj/Main.storyboard; sourceTree = "<group>"; };
		6398D9B628AF8B2D0090741F /* Assets.xcassets */ = {isa = PBXFileReference; lastKnownFileType = folder.assetcatalog; path = Assets.xcassets; sourceTree = "<group>"; };
		6398D9B928AF8B2D0090741F /* Base */ = {isa = PBXFileReference; lastKnownFileType = file.storyboard; name = Base; path = Base.lproj/LaunchScreen.storyboard; sourceTree = "<group>"; };
		6398D9BB28AF8B2D0090741F /* Info.plist */ = {isa = PBXFileReference; lastKnownFileType = text.plist.xml; path = Info.plist; sourceTree = "<group>"; };
		6398DA1128AFD5450090741F /* BaseViewController.swift */ = {isa = PBXFileReference; lastKnownFileType = sourcecode.swift; path = BaseViewController.swift; sourceTree = "<group>"; };
		6398DA1328AFD54B0090741F /* BaseView.swift */ = {isa = PBXFileReference; lastKnownFileType = sourcecode.swift; path = BaseView.swift; sourceTree = "<group>"; };
		6398DA2228AFD62D0090741F /* MainViewController.swift */ = {isa = PBXFileReference; lastKnownFileType = sourcecode.swift; path = MainViewController.swift; sourceTree = "<group>"; };
		6398DA2428AFD6330090741F /* MainView.swift */ = {isa = PBXFileReference; lastKnownFileType = sourcecode.swift; path = MainView.swift; sourceTree = "<group>"; };
		6398DA2728AFD6480090741F /* SelectViewController.swift */ = {isa = PBXFileReference; lastKnownFileType = sourcecode.swift; path = SelectViewController.swift; sourceTree = "<group>"; };
		6398DA2928AFD64F0090741F /* SelectView.swift */ = {isa = PBXFileReference; lastKnownFileType = sourcecode.swift; path = SelectView.swift; sourceTree = "<group>"; };
		6398DA2C28AFD8010090741F /* diaryTextField.swift */ = {isa = PBXFileReference; lastKnownFileType = sourcecode.swift; path = diaryTextField.swift; sourceTree = "<group>"; };
		6398DA2E28AFDE570090741F /* .gitignore */ = {isa = PBXFileReference; lastKnownFileType = text; path = .gitignore; sourceTree = "<group>"; };
		6398DA3128AFDE870090741F /* APIKey.swift */ = {isa = PBXFileReference; lastKnownFileType = sourcecode.swift; path = APIKey.swift; sourceTree = "<group>"; };
		6398DA3328AFDEB50090741F /* APIManager.swift */ = {isa = PBXFileReference; lastKnownFileType = sourcecode.swift; path = APIManager.swift; sourceTree = "<group>"; };
		6398DA3528AFEEA70090741F /* SelectCollectionViewCell.swift */ = {isa = PBXFileReference; lastKnownFileType = sourcecode.swift; path = SelectCollectionViewCell.swift; sourceTree = "<group>"; };
		6398DA3828AFEF250090741F /* ReusableProtocol.swift */ = {isa = PBXFileReference; lastKnownFileType = sourcecode.swift; path = ReusableProtocol.swift; sourceTree = "<group>"; };
		6398DA3A28AFF1F60090741F /* BaseCollectionViewCell.swift */ = {isa = PBXFileReference; lastKnownFileType = sourcecode.swift; path = BaseCollectionViewCell.swift; sourceTree = "<group>"; };
		63E6031A28B4E243001E73F5 /* Version.swift */ = {isa = PBXFileReference; lastKnownFileType = sourcecode.swift; path = Version.swift; sourceTree = "<group>"; };
/* End PBXFileReference section */

/* Begin PBXFrameworksBuildPhase section */
		6398D9A728AF8B2B0090741F /* Frameworks */ = {
			isa = PBXFrameworksBuildPhase;
			buildActionMask = 2147483647;
			files = (
				6322FA6E28B3163C00106E41 /* Realm in Frameworks */,
				63E6031928B4DE95001E73F5 /* SwiftyJSON in Frameworks */,
				6398DA2028AFD5850090741F /* Kingfisher in Frameworks */,
				6322FA7028B3163C00106E41 /* RealmSwift in Frameworks */,
				6398DA1728AFD5650090741F /* SnapKit in Frameworks */,
				63E6031628B4DE8A001E73F5 /* JGProgressHUD in Frameworks */,
				6398DA1A28AFD5710090741F /* Alamofire in Frameworks */,
			);
			runOnlyForDeploymentPostprocessing = 0;
		};
/* End PBXFrameworksBuildPhase section */

/* Begin PBXGroup section */
		6322FA7128B319CB00106E41 /* Realm */ = {
			isa = PBXGroup;
			children = (
				6322FA7228B319E200106E41 /* RealmModel.swift */,
			);
			path = Realm;
			sourceTree = "<group>";
		};
		6322FA7428B32A8A00106E41 /* Home */ = {
			isa = PBXGroup;
			children = (
				6322FA7528B32A9F00106E41 /* HomeViewController.swift */,
			);
			path = Home;
			sourceTree = "<group>";
		};
		6398D9A128AF8B2B0090741F = {
			isa = PBXGroup;
			children = (
				6398DA2E28AFDE570090741F /* .gitignore */,
				6398D9AC28AF8B2B0090741F /* Diary */,
				6398D9AB28AF8B2B0090741F /* Products */,
			);
			sourceTree = "<group>";
		};
		6398D9AB28AF8B2B0090741F /* Products */ = {
			isa = PBXGroup;
			children = (
				6398D9AA28AF8B2B0090741F /* Diary.app */,
			);
			name = Products;
			sourceTree = "<group>";
		};
		6398D9AC28AF8B2B0090741F /* Diary */ = {
			isa = PBXGroup;
			children = (
				6398DA3028AFDE740090741F /* Resources */,
				6398DA3728AFEF120090741F /* Protocols */,
				6322FA7128B319CB00106E41 /* Realm */,
				6398DA1028AFD5360090741F /* Utilty */,
				6322FA7428B32A8A00106E41 /* Home */,
				6398DA2128AFD60A0090741F /* Main */,
				6398DA2628AFD63B0090741F /* Select */,
				6398D9AD28AF8B2B0090741F /* AppDelegate.swift */,
				6398D9AF28AF8B2B0090741F /* SceneDelegate.swift */,
				6398D9B128AF8B2B0090741F /* ViewController.swift */,
				6398D9B328AF8B2B0090741F /* Main.storyboard */,
				6398D9B628AF8B2D0090741F /* Assets.xcassets */,
				6398D9B828AF8B2D0090741F /* LaunchScreen.storyboard */,
				6398D9BB28AF8B2D0090741F /* Info.plist */,
			);
			path = Diary;
			sourceTree = "<group>";
		};
		6398DA1028AFD5360090741F /* Utilty */ = {
			isa = PBXGroup;
			children = (
				6398DA2B28AFD7DE0090741F /* CustomView */,
				6398DA1128AFD5450090741F /* BaseViewController.swift */,
				6398DA1328AFD54B0090741F /* BaseView.swift */,
				6398DA3A28AFF1F60090741F /* BaseCollectionViewCell.swift */,
			);
			path = Utilty;
			sourceTree = "<group>";
		};
		6398DA2128AFD60A0090741F /* Main */ = {
			isa = PBXGroup;
			children = (
				6398DA2228AFD62D0090741F /* MainViewController.swift */,
				6398DA2428AFD6330090741F /* MainView.swift */,
			);
			path = Main;
			sourceTree = "<group>";
		};
		6398DA2628AFD63B0090741F /* Select */ = {
			isa = PBXGroup;
			children = (
				6398DA2728AFD6480090741F /* SelectViewController.swift */,
				6398DA2928AFD64F0090741F /* SelectView.swift */,
				6398DA3528AFEEA70090741F /* SelectCollectionViewCell.swift */,
			);
			path = Select;
			sourceTree = "<group>";
		};
		6398DA2B28AFD7DE0090741F /* CustomView */ = {
			isa = PBXGroup;
			children = (
				6398DA2C28AFD8010090741F /* diaryTextField.swift */,
			);
			path = CustomView;
			sourceTree = "<group>";
		};
		6398DA3028AFDE740090741F /* Resources */ = {
			isa = PBXGroup;
			children = (
				6398DA3128AFDE870090741F /* APIKey.swift */,
				6398DA3328AFDEB50090741F /* APIManager.swift */,
				63E6031A28B4E243001E73F5 /* Version.swift */,
			);
			path = Resources;
			sourceTree = "<group>";
		};
		6398DA3728AFEF120090741F /* Protocols */ = {
			isa = PBXGroup;
			children = (
				6398DA3828AFEF250090741F /* ReusableProtocol.swift */,
			);
			path = Protocols;
			sourceTree = "<group>";
		};
/* End PBXGroup section */

/* Begin PBXNativeTarget section */
		6398D9A928AF8B2B0090741F /* Diary */ = {
			isa = PBXNativeTarget;
			buildConfigurationList = 6398D9BE28AF8B2D0090741F /* Build configuration list for PBXNativeTarget "Diary" */;
			buildPhases = (
				6398D9A628AF8B2B0090741F /* Sources */,
				6398D9A728AF8B2B0090741F /* Frameworks */,
				6398D9A828AF8B2B0090741F /* Resources */,
			);
			buildRules = (
			);
			dependencies = (
			);
			name = Diary;
			packageProductDependencies = (
				6398DA1628AFD5650090741F /* SnapKit */,
				6398DA1928AFD5710090741F /* Alamofire */,
				6398DA1F28AFD5850090741F /* Kingfisher */,
				6322FA6D28B3163C00106E41 /* Realm */,
				6322FA6F28B3163C00106E41 /* RealmSwift */,
				63E6031528B4DE8A001E73F5 /* JGProgressHUD */,
				63E6031828B4DE95001E73F5 /* SwiftyJSON */,
			);
			productName = Diary;
			productReference = 6398D9AA28AF8B2B0090741F /* Diary.app */;
			productType = "com.apple.product-type.application";
		};
/* End PBXNativeTarget section */

/* Begin PBXProject section */
		6398D9A228AF8B2B0090741F /* Project object */ = {
			isa = PBXProject;
			attributes = {
				BuildIndependentTargetsInParallel = 1;
				LastSwiftUpdateCheck = 1340;
				LastUpgradeCheck = 1340;
				TargetAttributes = {
					6398D9A928AF8B2B0090741F = {
						CreatedOnToolsVersion = 13.4.1;
					};
				};
			};
			buildConfigurationList = 6398D9A528AF8B2B0090741F /* Build configuration list for PBXProject "Diary" */;
			compatibilityVersion = "Xcode 13.0";
			developmentRegion = en;
			hasScannedForEncodings = 0;
			knownRegions = (
				en,
				Base,
			);
			mainGroup = 6398D9A128AF8B2B0090741F;
			packageReferences = (
				6398DA1528AFD5650090741F /* XCRemoteSwiftPackageReference "SnapKit" */,
				6398DA1828AFD5710090741F /* XCRemoteSwiftPackageReference "Alamofire" */,
				6398DA1E28AFD5850090741F /* XCRemoteSwiftPackageReference "Kingfisher" */,
				6322FA6C28B3163C00106E41 /* XCRemoteSwiftPackageReference "realm-swift" */,
				63E6031428B4DE8A001E73F5 /* XCRemoteSwiftPackageReference "JGProgressHUD" */,
				63E6031728B4DE95001E73F5 /* XCRemoteSwiftPackageReference "SwiftyJSON" */,
			);
			productRefGroup = 6398D9AB28AF8B2B0090741F /* Products */;
			projectDirPath = "";
			projectRoot = "";
			targets = (
				6398D9A928AF8B2B0090741F /* Diary */,
			);
		};
/* End PBXProject section */

/* Begin PBXResourcesBuildPhase section */
		6398D9A828AF8B2B0090741F /* Resources */ = {
			isa = PBXResourcesBuildPhase;
			buildActionMask = 2147483647;
			files = (
				6398DA2F28AFDE570090741F /* .gitignore in Resources */,
				6398D9BA28AF8B2D0090741F /* LaunchScreen.storyboard in Resources */,
				6398D9B728AF8B2D0090741F /* Assets.xcassets in Resources */,
				6398D9B528AF8B2B0090741F /* Main.storyboard in Resources */,
			);
			runOnlyForDeploymentPostprocessing = 0;
		};
/* End PBXResourcesBuildPhase section */

/* Begin PBXSourcesBuildPhase section */
		6398D9A628AF8B2B0090741F /* Sources */ = {
			isa = PBXSourcesBuildPhase;
			buildActionMask = 2147483647;
			files = (
				6398DA3428AFDEB50090741F /* APIManager.swift in Sources */,
				6398DA3628AFEEA70090741F /* SelectCollectionViewCell.swift in Sources */,
				6398D9B228AF8B2B0090741F /* ViewController.swift in Sources */,
				6322FA7628B32A9F00106E41 /* HomeViewController.swift in Sources */,
				6398DA2528AFD6330090741F /* MainView.swift in Sources */,
				6398DA1228AFD5450090741F /* BaseViewController.swift in Sources */,
				6398DA1428AFD54B0090741F /* BaseView.swift in Sources */,
				6398DA2828AFD6480090741F /* SelectViewController.swift in Sources */,
				6398DA2328AFD62D0090741F /* MainViewController.swift in Sources */,
				6398DA3928AFEF250090741F /* ReusableProtocol.swift in Sources */,
				63E6031B28B4E244001E73F5 /* Version.swift in Sources */,
				6398DA3228AFDE870090741F /* APIKey.swift in Sources */,
				6398DA2D28AFD8010090741F /* diaryTextField.swift in Sources */,
				6398D9AE28AF8B2B0090741F /* AppDelegate.swift in Sources */,
				6398D9B028AF8B2B0090741F /* SceneDelegate.swift in Sources */,
				6322FA7328B319E200106E41 /* RealmModel.swift in Sources */,
				6398DA2A28AFD64F0090741F /* SelectView.swift in Sources */,
				6398DA3B28AFF1F60090741F /* BaseCollectionViewCell.swift in Sources */,
			);
			runOnlyForDeploymentPostprocessing = 0;
		};
/* End PBXSourcesBuildPhase section */

/* Begin PBXVariantGroup section */
		6398D9B328AF8B2B0090741F /* Main.storyboard */ = {
			isa = PBXVariantGroup;
			children = (
				6398D9B428AF8B2B0090741F /* Base */,
			);
			name = Main.storyboard;
			sourceTree = "<group>";
		};
		6398D9B828AF8B2D0090741F /* LaunchScreen.storyboard */ = {
			isa = PBXVariantGroup;
			children = (
				6398D9B928AF8B2D0090741F /* Base */,
			);
			name = LaunchScreen.storyboard;
			sourceTree = "<group>";
		};
/* End PBXVariantGroup section */

/* Begin XCBuildConfiguration section */
		6398D9BC28AF8B2D0090741F /* Debug */ = {
			isa = XCBuildConfiguration;
			buildSettings = {
				ALWAYS_SEARCH_USER_PATHS = NO;
				CLANG_ANALYZER_NONNULL = YES;
				CLANG_ANALYZER_NUMBER_OBJECT_CONVERSION = YES_AGGRESSIVE;
				CLANG_CXX_LANGUAGE_STANDARD = "gnu++17";
				CLANG_ENABLE_MODULES = YES;
				CLANG_ENABLE_OBJC_ARC = YES;
				CLANG_ENABLE_OBJC_WEAK = YES;
				CLANG_WARN_BLOCK_CAPTURE_AUTORELEASING = YES;
				CLANG_WARN_BOOL_CONVERSION = YES;
				CLANG_WARN_COMMA = YES;
				CLANG_WARN_CONSTANT_CONVERSION = YES;
				CLANG_WARN_DEPRECATED_OBJC_IMPLEMENTATIONS = YES;
				CLANG_WARN_DIRECT_OBJC_ISA_USAGE = YES_ERROR;
				CLANG_WARN_DOCUMENTATION_COMMENTS = YES;
				CLANG_WARN_EMPTY_BODY = YES;
				CLANG_WARN_ENUM_CONVERSION = YES;
				CLANG_WARN_INFINITE_RECURSION = YES;
				CLANG_WARN_INT_CONVERSION = YES;
				CLANG_WARN_NON_LITERAL_NULL_CONVERSION = YES;
				CLANG_WARN_OBJC_IMPLICIT_RETAIN_SELF = YES;
				CLANG_WARN_OBJC_LITERAL_CONVERSION = YES;
				CLANG_WARN_OBJC_ROOT_CLASS = YES_ERROR;
				CLANG_WARN_QUOTED_INCLUDE_IN_FRAMEWORK_HEADER = YES;
				CLANG_WARN_RANGE_LOOP_ANALYSIS = YES;
				CLANG_WARN_STRICT_PROTOTYPES = YES;
				CLANG_WARN_SUSPICIOUS_MOVE = YES;
				CLANG_WARN_UNGUARDED_AVAILABILITY = YES_AGGRESSIVE;
				CLANG_WARN_UNREACHABLE_CODE = YES;
				CLANG_WARN__DUPLICATE_METHOD_MATCH = YES;
				COPY_PHASE_STRIP = NO;
				DEBUG_INFORMATION_FORMAT = dwarf;
				ENABLE_STRICT_OBJC_MSGSEND = YES;
				ENABLE_TESTABILITY = YES;
				GCC_C_LANGUAGE_STANDARD = gnu11;
				GCC_DYNAMIC_NO_PIC = NO;
				GCC_NO_COMMON_BLOCKS = YES;
				GCC_OPTIMIZATION_LEVEL = 0;
				GCC_PREPROCESSOR_DEFINITIONS = (
					"DEBUG=1",
					"$(inherited)",
				);
				GCC_WARN_64_TO_32_BIT_CONVERSION = YES;
				GCC_WARN_ABOUT_RETURN_TYPE = YES_ERROR;
				GCC_WARN_UNDECLARED_SELECTOR = YES;
				GCC_WARN_UNINITIALIZED_AUTOS = YES_AGGRESSIVE;
				GCC_WARN_UNUSED_FUNCTION = YES;
				GCC_WARN_UNUSED_VARIABLE = YES;
				IPHONEOS_DEPLOYMENT_TARGET = 15.5;
				MTL_ENABLE_DEBUG_INFO = INCLUDE_SOURCE;
				MTL_FAST_MATH = YES;
				ONLY_ACTIVE_ARCH = YES;
				SDKROOT = iphoneos;
				SWIFT_ACTIVE_COMPILATION_CONDITIONS = DEBUG;
				SWIFT_OPTIMIZATION_LEVEL = "-Onone";
			};
			name = Debug;
		};
		6398D9BD28AF8B2D0090741F /* Release */ = {
			isa = XCBuildConfiguration;
			buildSettings = {
				ALWAYS_SEARCH_USER_PATHS = NO;
				CLANG_ANALYZER_NONNULL = YES;
				CLANG_ANALYZER_NUMBER_OBJECT_CONVERSION = YES_AGGRESSIVE;
				CLANG_CXX_LANGUAGE_STANDARD = "gnu++17";
				CLANG_ENABLE_MODULES = YES;
				CLANG_ENABLE_OBJC_ARC = YES;
				CLANG_ENABLE_OBJC_WEAK = YES;
				CLANG_WARN_BLOCK_CAPTURE_AUTORELEASING = YES;
				CLANG_WARN_BOOL_CONVERSION = YES;
				CLANG_WARN_COMMA = YES;
				CLANG_WARN_CONSTANT_CONVERSION = YES;
				CLANG_WARN_DEPRECATED_OBJC_IMPLEMENTATIONS = YES;
				CLANG_WARN_DIRECT_OBJC_ISA_USAGE = YES_ERROR;
				CLANG_WARN_DOCUMENTATION_COMMENTS = YES;
				CLANG_WARN_EMPTY_BODY = YES;
				CLANG_WARN_ENUM_CONVERSION = YES;
				CLANG_WARN_INFINITE_RECURSION = YES;
				CLANG_WARN_INT_CONVERSION = YES;
				CLANG_WARN_NON_LITERAL_NULL_CONVERSION = YES;
				CLANG_WARN_OBJC_IMPLICIT_RETAIN_SELF = YES;
				CLANG_WARN_OBJC_LITERAL_CONVERSION = YES;
				CLANG_WARN_OBJC_ROOT_CLASS = YES_ERROR;
				CLANG_WARN_QUOTED_INCLUDE_IN_FRAMEWORK_HEADER = YES;
				CLANG_WARN_RANGE_LOOP_ANALYSIS = YES;
				CLANG_WARN_STRICT_PROTOTYPES = YES;
				CLANG_WARN_SUSPICIOUS_MOVE = YES;
				CLANG_WARN_UNGUARDED_AVAILABILITY = YES_AGGRESSIVE;
				CLANG_WARN_UNREACHABLE_CODE = YES;
				CLANG_WARN__DUPLICATE_METHOD_MATCH = YES;
				COPY_PHASE_STRIP = NO;
				DEBUG_INFORMATION_FORMAT = "dwarf-with-dsym";
				ENABLE_NS_ASSERTIONS = NO;
				ENABLE_STRICT_OBJC_MSGSEND = YES;
				GCC_C_LANGUAGE_STANDARD = gnu11;
				GCC_NO_COMMON_BLOCKS = YES;
				GCC_WARN_64_TO_32_BIT_CONVERSION = YES;
				GCC_WARN_ABOUT_RETURN_TYPE = YES_ERROR;
				GCC_WARN_UNDECLARED_SELECTOR = YES;
				GCC_WARN_UNINITIALIZED_AUTOS = YES_AGGRESSIVE;
				GCC_WARN_UNUSED_FUNCTION = YES;
				GCC_WARN_UNUSED_VARIABLE = YES;
				IPHONEOS_DEPLOYMENT_TARGET = 15.5;
				MTL_ENABLE_DEBUG_INFO = NO;
				MTL_FAST_MATH = YES;
				SDKROOT = iphoneos;
				SWIFT_COMPILATION_MODE = wholemodule;
				SWIFT_OPTIMIZATION_LEVEL = "-O";
				VALIDATE_PRODUCT = YES;
			};
			name = Release;
		};
		6398D9BF28AF8B2D0090741F /* Debug */ = {
			isa = XCBuildConfiguration;
			buildSettings = {
				ASSETCATALOG_COMPILER_APPICON_NAME = AppIcon;
				ASSETCATALOG_COMPILER_GLOBAL_ACCENT_COLOR_NAME = AccentColor;
				CODE_SIGN_STYLE = Automatic;
				CURRENT_PROJECT_VERSION = 1;
				DEVELOPMENT_TEAM = QV329P6X5G;
				GENERATE_INFOPLIST_FILE = YES;
				INFOPLIST_FILE = Diary/Info.plist;
				INFOPLIST_KEY_UIApplicationSupportsIndirectInputEvents = YES;
				INFOPLIST_KEY_UILaunchStoryboardName = LaunchScreen;
				INFOPLIST_KEY_UIMainStoryboardFile = Main;
				INFOPLIST_KEY_UISupportedInterfaceOrientations = UIInterfaceOrientationPortrait;
				INFOPLIST_KEY_UISupportedInterfaceOrientations_iPad = "UIInterfaceOrientationPortrait UIInterfaceOrientationPortraitUpsideDown UIInterfaceOrientationLandscapeLeft UIInterfaceOrientationLandscapeRight";
				INFOPLIST_KEY_UISupportedInterfaceOrientations_iPhone = UIInterfaceOrientationPortrait;
				LD_RUNPATH_SEARCH_PATHS = (
					"$(inherited)",
					"@executable_path/Frameworks",
				);
				MARKETING_VERSION = 1.0;
				PRODUCT_BUNDLE_IDENTIFIER = com.jj.Diary;
				PRODUCT_NAME = "$(TARGET_NAME)";
				SWIFT_EMIT_LOC_STRINGS = YES;
				SWIFT_VERSION = 5.0;
				TARGETED_DEVICE_FAMILY = 1;
			};
			name = Debug;
		};
		6398D9C028AF8B2D0090741F /* Release */ = {
			isa = XCBuildConfiguration;
			buildSettings = {
				ASSETCATALOG_COMPILER_APPICON_NAME = AppIcon;
				ASSETCATALOG_COMPILER_GLOBAL_ACCENT_COLOR_NAME = AccentColor;
				CODE_SIGN_STYLE = Automatic;
				CURRENT_PROJECT_VERSION = 1;
				DEVELOPMENT_TEAM = QV329P6X5G;
				GENERATE_INFOPLIST_FILE = YES;
				INFOPLIST_FILE = Diary/Info.plist;
				INFOPLIST_KEY_UIApplicationSupportsIndirectInputEvents = YES;
				INFOPLIST_KEY_UILaunchStoryboardName = LaunchScreen;
				INFOPLIST_KEY_UIMainStoryboardFile = Main;
				INFOPLIST_KEY_UISupportedInterfaceOrientations = UIInterfaceOrientationPortrait;
				INFOPLIST_KEY_UISupportedInterfaceOrientations_iPad = "UIInterfaceOrientationPortrait UIInterfaceOrientationPortraitUpsideDown UIInterfaceOrientationLandscapeLeft UIInterfaceOrientationLandscapeRight";
				INFOPLIST_KEY_UISupportedInterfaceOrientations_iPhone = UIInterfaceOrientationPortrait;
				LD_RUNPATH_SEARCH_PATHS = (
					"$(inherited)",
					"@executable_path/Frameworks",
				);
				MARKETING_VERSION = 1.0;
				PRODUCT_BUNDLE_IDENTIFIER = com.jj.Diary;
				PRODUCT_NAME = "$(TARGET_NAME)";
				SWIFT_EMIT_LOC_STRINGS = YES;
				SWIFT_VERSION = 5.0;
				TARGETED_DEVICE_FAMILY = 1;
			};
			name = Release;
		};
/* End XCBuildConfiguration section */

/* Begin XCConfigurationList section */
		6398D9A528AF8B2B0090741F /* Build configuration list for PBXProject "Diary" */ = {
			isa = XCConfigurationList;
			buildConfigurations = (
				6398D9BC28AF8B2D0090741F /* Debug */,
				6398D9BD28AF8B2D0090741F /* Release */,
			);
			defaultConfigurationIsVisible = 0;
			defaultConfigurationName = Release;
		};
		6398D9BE28AF8B2D0090741F /* Build configuration list for PBXNativeTarget "Diary" */ = {
			isa = XCConfigurationList;
			buildConfigurations = (
				6398D9BF28AF8B2D0090741F /* Debug */,
				6398D9C028AF8B2D0090741F /* Release */,
			);
			defaultConfigurationIsVisible = 0;
			defaultConfigurationName = Release;
		};
/* End XCConfigurationList section */

/* Begin XCRemoteSwiftPackageReference section */
		6322FA6C28B3163C00106E41 /* XCRemoteSwiftPackageReference "realm-swift" */ = {
			isa = XCRemoteSwiftPackageReference;
			repositoryURL = "https://github.com/realm/realm-swift.git";
			requirement = {
				kind = upToNextMajorVersion;
				minimumVersion = 10.0.0;
			};
		};
		6398DA1528AFD5650090741F /* XCRemoteSwiftPackageReference "SnapKit" */ = {
			isa = XCRemoteSwiftPackageReference;
			repositoryURL = "https://github.com/SnapKit/SnapKit.git";
			requirement = {
				kind = upToNextMajorVersion;
				minimumVersion = 5.0.0;
			};
		};
		6398DA1828AFD5710090741F /* XCRemoteSwiftPackageReference "Alamofire" */ = {
			isa = XCRemoteSwiftPackageReference;
			repositoryURL = "https://github.com/Alamofire/Alamofire.git";
			requirement = {
				kind = upToNextMajorVersion;
				minimumVersion = 5.0.0;
			};
		};
		6398DA1E28AFD5850090741F /* XCRemoteSwiftPackageReference "Kingfisher" */ = {
			isa = XCRemoteSwiftPackageReference;
			repositoryURL = "https://github.com/onevcat/Kingfisher.git";
			requirement = {
				kind = upToNextMajorVersion;
				minimumVersion = 7.0.0;
			};
		};
		63E6031428B4DE8A001E73F5 /* XCRemoteSwiftPackageReference "JGProgressHUD" */ = {
			isa = XCRemoteSwiftPackageReference;
			repositoryURL = "https://github.com/JonasGessner/JGProgressHUD.git";
			requirement = {
				kind = upToNextMajorVersion;
				minimumVersion = 2.0.0;
			};
		};
		63E6031728B4DE95001E73F5 /* XCRemoteSwiftPackageReference "SwiftyJSON" */ = {
			isa = XCRemoteSwiftPackageReference;
			repositoryURL = "https://github.com/SwiftyJSON/SwiftyJSON.git";
			requirement = {
				branch = master;
				kind = branch;
			};
		};
/* End XCRemoteSwiftPackageReference section */

/* Begin XCSwiftPackageProductDependency section */
		6322FA6D28B3163C00106E41 /* Realm */ = {
			isa = XCSwiftPackageProductDependency;
			package = 6322FA6C28B3163C00106E41 /* XCRemoteSwiftPackageReference "realm-swift" */;
			productName = Realm;
		};
		6322FA6F28B3163C00106E41 /* RealmSwift */ = {
			isa = XCSwiftPackageProductDependency;
			package = 6322FA6C28B3163C00106E41 /* XCRemoteSwiftPackageReference "realm-swift" */;
			productName = RealmSwift;
		};
		6398DA1628AFD5650090741F /* SnapKit */ = {
			isa = XCSwiftPackageProductDependency;
			package = 6398DA1528AFD5650090741F /* XCRemoteSwiftPackageReference "SnapKit" */;
			productName = SnapKit;
		};
		6398DA1928AFD5710090741F /* Alamofire */ = {
			isa = XCSwiftPackageProductDependency;
			package = 6398DA1828AFD5710090741F /* XCRemoteSwiftPackageReference "Alamofire" */;
			productName = Alamofire;
		};
		6398DA1F28AFD5850090741F /* Kingfisher */ = {
			isa = XCSwiftPackageProductDependency;
			package = 6398DA1E28AFD5850090741F /* XCRemoteSwiftPackageReference "Kingfisher" */;
			productName = Kingfisher;
		};
		63E6031528B4DE8A001E73F5 /* JGProgressHUD */ = {
			isa = XCSwiftPackageProductDependency;
			package = 63E6031428B4DE8A001E73F5 /* XCRemoteSwiftPackageReference "JGProgressHUD" */;
			productName = JGProgressHUD;
		};
		63E6031828B4DE95001E73F5 /* SwiftyJSON */ = {
			isa = XCSwiftPackageProductDependency;
			package = 63E6031728B4DE95001E73F5 /* XCRemoteSwiftPackageReference "SwiftyJSON" */;
			productName = SwiftyJSON;
		};
/* End XCSwiftPackageProductDependency section */
	};
	rootObject = 6398D9A228AF8B2B0090741F /* Project object */;
}
